
Microsoft Visual Studio Solution File, Format Version 12.00
# Visual Studio Version 16
VisualStudioVersion = 16.6.30114.105
MinimumVisualStudioVersion = 10.0.40219.1
Project("{9A19103F-16F7-4668-BE54-9A1E7A4F7556}") = "Movies.API", "Movies.API\Movies.API.csproj", "{DB918998-9373-4535-BEF8-78822BAF8D3E}"
EndProject
Project("{9A19103F-16F7-4668-BE54-9A1E7A4F7556}") = "IdentityServer", "IdentityServer\IdentityServer.csproj", "{67EB03AB-CA72-4E93-B681-D3B557FE038F}"
EndProject
Project("{9A19103F-16F7-4668-BE54-9A1E7A4F7556}") = "Movies.Client", "Movies.Client\Movies.Client.csproj", "{B529B3FC-4B58-4702-B640-1524A23154B4}"
EndProject
Project("{FAE04EC0-301F-11D3-BF4B-00C04F79EFBC}") = "APIGateway", "APIGateway\APIGateway.csproj", "{6B0F4EDF-638F-43D1-8E88-8449FCA45410}"
EndProject
Global
	GlobalSection(SolutionConfigurationPlatforms) = preSolution
		Debug|Any CPU = Debug|Any CPU
		Debug|x64 = Debug|x64
		Debug|x86 = Debug|x86
		Release|Any CPU = Release|Any CPU
		Release|x64 = Release|x64
		Release|x86 = Release|x86
	EndGlobalSection
	GlobalSection(ProjectConfigurationPlatforms) = postSolution
		{DB918998-9373-4535-BEF8-78822BAF8D3E}.Debug|Any CPU.ActiveCfg = Debug|Any CPU
		{DB918998-9373-4535-BEF8-78822BAF8D3E}.Debug|Any CPU.Build.0 = Debug|Any CPU
		{DB918998-9373-4535-BEF8-78822BAF8D3E}.Debug|x64.ActiveCfg = Debug|Any CPU
		{DB918998-9373-4535-BEF8-78822BAF8D3E}.Debug|x64.Build.0 = Debug|Any CPU
		{DB918998-9373-4535-BEF8-78822BAF8D3E}.Debug|x86.ActiveCfg = Debug|Any CPU
		{DB918998-9373-4535-BEF8-78822BAF8D3E}.Debug|x86.Build.0 = Debug|Any CPU
		{DB918998-9373-4535-BEF8-78822BAF8D3E}.Release|Any CPU.ActiveCfg = Release|Any CPU
		{DB918998-9373-4535-BEF8-78822BAF8D3E}.Release|Any CPU.Build.0 = Release|Any CPU
		{DB918998-9373-4535-BEF8-78822BAF8D3E}.Release|x64.ActiveCfg = Release|Any CPU
		{DB918998-9373-4535-BEF8-78822BAF8D3E}.Release|x64.Build.0 = Release|Any CPU
		{DB918998-9373-4535-BEF8-78822BAF8D3E}.Release|x86.ActiveCfg = Release|Any CPU
		{DB918998-9373-4535-BEF8-78822BAF8D3E}.Release|x86.Build.0 = Release|Any CPU
		{67EB03AB-CA72-4E93-B681-D3B557FE038F}.Debug|Any CPU.ActiveCfg = Debug|Any CPU
		{67EB03AB-CA72-4E93-B681-D3B557FE038F}.Debug|Any CPU.Build.0 = Debug|Any CPU
		{67EB03AB-CA72-4E93-B681-D3B557FE038F}.Debug|x64.ActiveCfg = Debug|Any CPU
		{67EB03AB-CA72-4E93-B681-D3B557FE038F}.Debug|x64.Build.0 = Debug|Any CPU
		{67EB03AB-CA72-4E93-B681-D3B557FE038F}.Debug|x86.ActiveCfg = Debug|Any CPU
		{67EB03AB-CA72-4E93-B681-D3B557FE038F}.Debug|x86.Build.0 = Debug|Any CPU
		{67EB03AB-CA72-4E93-B681-D3B557FE038F}.Release|Any CPU.ActiveCfg = Release|Any CPU
		{67EB03AB-CA72-4E93-B681-D3B557FE038F}.Release|Any CPU.Build.0 = Release|Any CPU
		{67EB03AB-CA72-4E93-B681-D3B557FE038F}.Release|x64.ActiveCfg = Release|Any CPU
		{67EB03AB-CA72-4E93-B681-D3B557FE038F}.Release|x64.Build.0 = Release|Any CPU
		{67EB03AB-CA72-4E93-B681-D3B557FE038F}.Release|x86.ActiveCfg = Release|Any CPU
		{67EB03AB-CA72-4E93-B681-D3B557FE038F}.Release|x86.Build.0 = Release|Any CPU
		{B529B3FC-4B58-4702-B640-1524A23154B4}.Debug|Any CPU.ActiveCfg = Debug|Any CPU
		{B529B3FC-4B58-4702-B640-1524A23154B4}.Debug|Any CPU.Build.0 = Debug|Any CPU
		{B529B3FC-4B58-4702-B640-1524A23154B4}.Debug|x64.ActiveCfg = Debug|Any CPU
		{B529B3FC-4B58-4702-B640-1524A23154B4}.Debug|x64.Build.0 = Debug|Any CPU
		{B529B3FC-4B58-4702-B640-1524A23154B4}.Debug|x86.ActiveCfg = Debug|Any CPU
		{B529B3FC-4B58-4702-B640-1524A23154B4}.Debug|x86.Build.0 = Debug|Any CPU
		{B529B3FC-4B58-4702-B640-1524A23154B4}.Release|Any CPU.ActiveCfg = Release|Any CPU
		{B529B3FC-4B58-4702-B640-1524A23154B4}.Release|Any CPU.Build.0 = Release|Any CPU
		{B529B3FC-4B58-4702-B640-1524A23154B4}.Release|x64.ActiveCfg = Release|Any CPU
		{B529B3FC-4B58-4702-B640-1524A23154B4}.Release|x64.Build.0 = Release|Any CPU
		{B529B3FC-4B58-4702-B640-1524A23154B4}.Release|x86.ActiveCfg = Release|Any CPU
		{B529B3FC-4B58-4702-B640-1524A23154B4}.Release|x86.Build.0 = Release|Any CPU
		{6B0F4EDF-638F-43D1-8E88-8449FCA45410}.Debug|Any CPU.ActiveCfg = Debug|Any CPU
		{6B0F4EDF-638F-43D1-8E88-8449FCA45410}.Debug|Any CPU.Build.0 = Debug|Any CPU
		{6B0F4EDF-638F-43D1-8E88-8449FCA45410}.Debug|x64.ActiveCfg = Debug|Any CPU
		{6B0F4EDF-638F-43D1-8E88-8449FCA45410}.Debug|x64.Build.0 = Debug|Any CPU
		{6B0F4EDF-638F-43D1-8E88-8449FCA45410}.Debug|x86.ActiveCfg = Debug|Any CPU
		{6B0F4EDF-638F-43D1-8E88-8449FCA45410}.Debug|x86.Build.0 = Debug|Any CPU
		{6B0F4EDF-638F-43D1-8E88-8449FCA45410}.Release|Any CPU.ActiveCfg = Release|Any CPU
		{6B0F4EDF-638F-43D1-8E88-8449FCA45410}.Release|Any CPU.Build.0 = Release|Any CPU
		{6B0F4EDF-638F-43D1-8E88-8449FCA45410}.Release|x64.ActiveCfg = Release|Any CPU
		{6B0F4EDF-638F-43D1-8E88-8449FCA45410}.Release|x64.Build.0 = Release|Any CPU
		{6B0F4EDF-638F-43D1-8E88-8449FCA45410}.Release|x86.ActiveCfg = Release|Any CPU
		{6B0F4EDF-638F-43D1-8E88-8449FCA45410}.Release|x86.Build.0 = Release|Any CPU
	EndGlobalSection
	GlobalSection(SolutionProperties) = preSolution
		HideSolutionNode = FALSE
	EndGlobalSection
	GlobalSection(ExtensibilityGlobals) = postSolution
		SolutionGuid = {02BEF791-F6FA-4AD0-A9C8-5E118DF446C2}
	EndGlobalSection
EndGlobal
